// !$*UTF8*$!
{
	archiveVersion = 1;
	classes = {
	};
	objectVersion = 56;
	objects = {

/* Begin PBXBuildFile section */
		495F39BC69926A2D0398E95E /* Pods_SwiftUIDemo.framework in Frameworks */ = {isa = PBXBuildFile; fileRef = 2608A7B0212EDAC105B71D27 /* Pods_SwiftUIDemo.framework */; };
		49ED05FC75B7416693467060 /* Pods_SwiftUIDemo_SwiftUIDemoUITests.framework in Frameworks */ = {isa = PBXBuildFile; fileRef = 24389F7C1AF636369C35B8D7 /* Pods_SwiftUIDemo_SwiftUIDemoUITests.framework */; };
		B90422EA29B9B2FC00DB9AD5 /* ProductRow.swift in Sources */ = {isa = PBXBuildFile; fileRef = B90422E929B9B2FC00DB9AD5 /* ProductRow.swift */; };
		B90422EC29B9B48A00DB9AD5 /* ProductsDetailView.swift in Sources */ = {isa = PBXBuildFile; fileRef = B90422EB29B9B48A00DB9AD5 /* ProductsDetailView.swift */; };
		B909325629CC196E00E3B512 /* FormView.swift in Sources */ = {isa = PBXBuildFile; fileRef = B909325529CC196E00E3B512 /* FormView.swift */; };
		B909325829CC1AC100E3B512 /* RadioButtonField.swift in Sources */ = {isa = PBXBuildFile; fileRef = B909325729CC1AC100E3B512 /* RadioButtonField.swift */; };
		B909325A29CC4E9600E3B512 /* ModalWithSheetView.swift in Sources */ = {isa = PBXBuildFile; fileRef = B909325929CC4E9600E3B512 /* ModalWithSheetView.swift */; };
		B94DCDBF29CB2C0400F7E1FD /* PropertyWrapperSecondView.swift in Sources */ = {isa = PBXBuildFile; fileRef = B94DCDBE29CB2C0400F7E1FD /* PropertyWrapperSecondView.swift */; };
		B94DCDC129CB2C1600F7E1FD /* PropertyWrapperThirdView.swift in Sources */ = {isa = PBXBuildFile; fileRef = B94DCDC029CB2C1600F7E1FD /* PropertyWrapperThirdView.swift */; };
		B95D929129B07119000CAF11 /* SwiftUITextField.swift in Sources */ = {isa = PBXBuildFile; fileRef = B95D929029B07119000CAF11 /* SwiftUITextField.swift */; };
		B95D929429B0D008000CAF11 /* WelcomeView.swift in Sources */ = {isa = PBXBuildFile; fileRef = B95D929329B0D008000CAF11 /* WelcomeView.swift */; };
		B9608AAC29C851E300A88D56 /* LazyHGridView.swift in Sources */ = {isa = PBXBuildFile; fileRef = B9608AAB29C851E300A88D56 /* LazyHGridView.swift */; };
		B9608AAE29C8527000A88D56 /* LazyVGridView.swift in Sources */ = {isa = PBXBuildFile; fileRef = B9608AAD29C8527000A88D56 /* LazyVGridView.swift */; };
		B9608AB029C86E9900A88D56 /* FirstNavigationView.swift in Sources */ = {isa = PBXBuildFile; fileRef = B9608AAF29C86E9900A88D56 /* FirstNavigationView.swift */; };
		B9608AB429C88DF200A88D56 /* CountryViewModel.swift in Sources */ = {isa = PBXBuildFile; fileRef = B9608AB329C88DF200A88D56 /* CountryViewModel.swift */; };
		B9608AB629C88E5700A88D56 /* CountryModel.swift in Sources */ = {isa = PBXBuildFile; fileRef = B9608AB529C88E5700A88D56 /* CountryModel.swift */; };
		B972287829CD6F330030648E /* ImageModel.swift in Sources */ = {isa = PBXBuildFile; fileRef = B972287729CD6F330030648E /* ImageModel.swift */; };
		B972287A29CD6FA00030648E /* HomeView.swift in Sources */ = {isa = PBXBuildFile; fileRef = B972287929CD6FA00030648E /* HomeView.swift */; };
		B972287C29CD72E70030648E /* PeelEffect.swift in Sources */ = {isa = PBXBuildFile; fileRef = B972287B29CD72E70030648E /* PeelEffect.swift */; };
		B972288329CDC4EC0030648E /* SearchView.swift in Sources */ = {isa = PBXBuildFile; fileRef = B972288229CDC4EC0030648E /* SearchView.swift */; };
		B972288529CDC4FE0030648E /* SearchGroup.swift in Sources */ = {isa = PBXBuildFile; fileRef = B972288429CDC4FE0030648E /* SearchGroup.swift */; };
		B97DBFDA29C9774500DBA9A8 /* CountryRow.swift in Sources */ = {isa = PBXBuildFile; fileRef = B97DBFD929C9774500DBA9A8 /* CountryRow.swift */; };
		B97DBFE129C9B0C900DBA9A8 /* NavigationStackView.swift in Sources */ = {isa = PBXBuildFile; fileRef = B97DBFE029C9B0C900DBA9A8 /* NavigationStackView.swift */; };
		B97DBFE329C9B0F600DBA9A8 /* PlatformModel.swift in Sources */ = {isa = PBXBuildFile; fileRef = B97DBFE229C9B0F600DBA9A8 /* PlatformModel.swift */; };
		B9AB656929CAF6A80081010B /* PropertyWrapperFirstView.swift in Sources */ = {isa = PBXBuildFile; fileRef = B9AB656829CAF6A80081010B /* PropertyWrapperFirstView.swift */; };
		B9AB656B29CAF9B60081010B /* ChangeDaySheetView.swift in Sources */ = {isa = PBXBuildFile; fileRef = B9AB656A29CAF9B60081010B /* ChangeDaySheetView.swift */; };
		B9AB656D29CB22320081010B /* UserModel.swift in Sources */ = {isa = PBXBuildFile; fileRef = B9AB656C29CB22320081010B /* UserModel.swift */; };
		B9D593FA29B5E2E800DAB062 /* LoginViewModel.swift in Sources */ = {isa = PBXBuildFile; fileRef = B9D593F929B5E2E800DAB062 /* LoginViewModel.swift */; };
		B9D593FF29B602ED00DAB062 /* LeafBoardTabView.swift in Sources */ = {isa = PBXBuildFile; fileRef = B9D593FE29B602ED00DAB062 /* LeafBoardTabView.swift */; };
		B9D6BA2C29B71A3700EE23F0 /* ProductsView.swift in Sources */ = {isa = PBXBuildFile; fileRef = B9D6BA2B29B71A3700EE23F0 /* ProductsView.swift */; };
		B9D6BA2E29B71A4100EE23F0 /* CartView.swift in Sources */ = {isa = PBXBuildFile; fileRef = B9D6BA2D29B71A4100EE23F0 /* CartView.swift */; };
		B9D6BA3029B71A4C00EE23F0 /* UsersView.swift in Sources */ = {isa = PBXBuildFile; fileRef = B9D6BA2F29B71A4C00EE23F0 /* UsersView.swift */; };
		B9D6BA3329B72CD800EE23F0 /* ProductModel.swift in Sources */ = {isa = PBXBuildFile; fileRef = B9D6BA3229B72CD800EE23F0 /* ProductModel.swift */; };
		B9D6BA3529B7354E00EE23F0 /* ProductViewModel.swift in Sources */ = {isa = PBXBuildFile; fileRef = B9D6BA3429B7354E00EE23F0 /* ProductViewModel.swift */; };
		B9F8467729AF59CD00AF72F5 /* SwiftUIDemoApp.swift in Sources */ = {isa = PBXBuildFile; fileRef = B9F8467629AF59CD00AF72F5 /* SwiftUIDemoApp.swift */; };
		B9F8467929AF59CD00AF72F5 /* ContentView.swift in Sources */ = {isa = PBXBuildFile; fileRef = B9F8467829AF59CD00AF72F5 /* ContentView.swift */; };
		B9F8467B29AF59CD00AF72F5 /* Assets.xcassets in Resources */ = {isa = PBXBuildFile; fileRef = B9F8467A29AF59CD00AF72F5 /* Assets.xcassets */; };
		B9F8467E29AF59CD00AF72F5 /* Preview Assets.xcassets in Resources */ = {isa = PBXBuildFile; fileRef = B9F8467D29AF59CD00AF72F5 /* Preview Assets.xcassets */; };
		B9F8468829AF59CD00AF72F5 /* SwiftUIDemoTests.swift in Sources */ = {isa = PBXBuildFile; fileRef = B9F8468729AF59CD00AF72F5 /* SwiftUIDemoTests.swift */; };
		B9F8469229AF59CD00AF72F5 /* SwiftUIDemoUITests.swift in Sources */ = {isa = PBXBuildFile; fileRef = B9F8469129AF59CD00AF72F5 /* SwiftUIDemoUITests.swift */; };
		B9F8469429AF59CD00AF72F5 /* SwiftUIDemoUITestsLaunchTests.swift in Sources */ = {isa = PBXBuildFile; fileRef = B9F8469329AF59CD00AF72F5 /* SwiftUIDemoUITestsLaunchTests.swift */; };
		B9F846A429AF647A00AF72F5 /* SwiftUIText.swift in Sources */ = {isa = PBXBuildFile; fileRef = B9F846A329AF647A00AF72F5 /* SwiftUIText.swift */; };
		B9F846A629AF835D00AF72F5 /* SwiftUILabel.swift in Sources */ = {isa = PBXBuildFile; fileRef = B9F846A529AF835D00AF72F5 /* SwiftUILabel.swift */; };
		B9FC79A029B1C15C005E2E79 /* SplashView.swift in Sources */ = {isa = PBXBuildFile; fileRef = B9FC799F29B1C15C005E2E79 /* SplashView.swift */; };
		B9FC79A229B1F7C5005E2E79 /* LoginView.swift in Sources */ = {isa = PBXBuildFile; fileRef = B9FC79A129B1F7C5005E2E79 /* LoginView.swift */; };
		BF122D4B061756ED99DC31B2 /* Pods_SwiftUIDemoTests.framework in Frameworks */ = {isa = PBXBuildFile; fileRef = AB7E7CDC8ECB8BB0EEFBE798 /* Pods_SwiftUIDemoTests.framework */; };
/* End PBXBuildFile section */

/* Begin PBXContainerItemProxy section */
		B9F8468429AF59CD00AF72F5 /* PBXContainerItemProxy */ = {
			isa = PBXContainerItemProxy;
			containerPortal = B9F8466B29AF59CD00AF72F5 /* Project object */;
			proxyType = 1;
			remoteGlobalIDString = B9F8467229AF59CD00AF72F5;
			remoteInfo = SwiftUIDemo;
		};
		B9F8468E29AF59CD00AF72F5 /* PBXContainerItemProxy */ = {
			isa = PBXContainerItemProxy;
			containerPortal = B9F8466B29AF59CD00AF72F5 /* Project object */;
			proxyType = 1;
			remoteGlobalIDString = B9F8467229AF59CD00AF72F5;
			remoteInfo = SwiftUIDemo;
		};
/* End PBXContainerItemProxy section */

/* Begin PBXFileReference section */
		11B95647CA25D587B41BDD8F /* Pods-SwiftUIDemo.debug.xcconfig */ = {isa = PBXFileReference; includeInIndex = 1; lastKnownFileType = text.xcconfig; name = "Pods-SwiftUIDemo.debug.xcconfig"; path = "Target Support Files/Pods-SwiftUIDemo/Pods-SwiftUIDemo.debug.xcconfig"; sourceTree = "<group>"; };
		23E42B05A67CF2DAE9FB4E4F /* Pods-SwiftUIDemoTests.debug.xcconfig */ = {isa = PBXFileReference; includeInIndex = 1; lastKnownFileType = text.xcconfig; name = "Pods-SwiftUIDemoTests.debug.xcconfig"; path = "Target Support Files/Pods-SwiftUIDemoTests/Pods-SwiftUIDemoTests.debug.xcconfig"; sourceTree = "<group>"; };
		24389F7C1AF636369C35B8D7 /* Pods_SwiftUIDemo_SwiftUIDemoUITests.framework */ = {isa = PBXFileReference; explicitFileType = wrapper.framework; includeInIndex = 0; path = Pods_SwiftUIDemo_SwiftUIDemoUITests.framework; sourceTree = BUILT_PRODUCTS_DIR; };
		2608A7B0212EDAC105B71D27 /* Pods_SwiftUIDemo.framework */ = {isa = PBXFileReference; explicitFileType = wrapper.framework; includeInIndex = 0; path = Pods_SwiftUIDemo.framework; sourceTree = BUILT_PRODUCTS_DIR; };
		2AD7B7C0124D2FF96C06DF82 /* Pods-SwiftUIDemo.release.xcconfig */ = {isa = PBXFileReference; includeInIndex = 1; lastKnownFileType = text.xcconfig; name = "Pods-SwiftUIDemo.release.xcconfig"; path = "Target Support Files/Pods-SwiftUIDemo/Pods-SwiftUIDemo.release.xcconfig"; sourceTree = "<group>"; };
		85CBC9190379DBC2B7F8863D /* Pods-SwiftUIDemo-SwiftUIDemoUITests.debug.xcconfig */ = {isa = PBXFileReference; includeInIndex = 1; lastKnownFileType = text.xcconfig; name = "Pods-SwiftUIDemo-SwiftUIDemoUITests.debug.xcconfig"; path = "Target Support Files/Pods-SwiftUIDemo-SwiftUIDemoUITests/Pods-SwiftUIDemo-SwiftUIDemoUITests.debug.xcconfig"; sourceTree = "<group>"; };
		8D103B134DEE08D446CE4E52 /* Pods-SwiftUIDemo-SwiftUIDemoUITests.release.xcconfig */ = {isa = PBXFileReference; includeInIndex = 1; lastKnownFileType = text.xcconfig; name = "Pods-SwiftUIDemo-SwiftUIDemoUITests.release.xcconfig"; path = "Target Support Files/Pods-SwiftUIDemo-SwiftUIDemoUITests/Pods-SwiftUIDemo-SwiftUIDemoUITests.release.xcconfig"; sourceTree = "<group>"; };
		9C0D38C28E04198EDF80DC07 /* Pods-SwiftUIDemoTests.release.xcconfig */ = {isa = PBXFileReference; includeInIndex = 1; lastKnownFileType = text.xcconfig; name = "Pods-SwiftUIDemoTests.release.xcconfig"; path = "Target Support Files/Pods-SwiftUIDemoTests/Pods-SwiftUIDemoTests.release.xcconfig"; sourceTree = "<group>"; };
		AB7E7CDC8ECB8BB0EEFBE798 /* Pods_SwiftUIDemoTests.framework */ = {isa = PBXFileReference; explicitFileType = wrapper.framework; includeInIndex = 0; path = Pods_SwiftUIDemoTests.framework; sourceTree = BUILT_PRODUCTS_DIR; };
		B90422E929B9B2FC00DB9AD5 /* ProductRow.swift */ = {isa = PBXFileReference; lastKnownFileType = sourcecode.swift; path = ProductRow.swift; sourceTree = "<group>"; };
		B90422EB29B9B48A00DB9AD5 /* ProductsDetailView.swift */ = {isa = PBXFileReference; lastKnownFileType = sourcecode.swift; path = ProductsDetailView.swift; sourceTree = "<group>"; };
		B909325529CC196E00E3B512 /* FormView.swift */ = {isa = PBXFileReference; lastKnownFileType = sourcecode.swift; path = FormView.swift; sourceTree = "<group>"; };
		B909325729CC1AC100E3B512 /* RadioButtonField.swift */ = {isa = PBXFileReference; lastKnownFileType = sourcecode.swift; path = RadioButtonField.swift; sourceTree = "<group>"; };
		B909325929CC4E9600E3B512 /* ModalWithSheetView.swift */ = {isa = PBXFileReference; lastKnownFileType = sourcecode.swift; path = ModalWithSheetView.swift; sourceTree = "<group>"; };
		B94DCDBE29CB2C0400F7E1FD /* PropertyWrapperSecondView.swift */ = {isa = PBXFileReference; lastKnownFileType = sourcecode.swift; path = PropertyWrapperSecondView.swift; sourceTree = "<group>"; };
		B94DCDC029CB2C1600F7E1FD /* PropertyWrapperThirdView.swift */ = {isa = PBXFileReference; lastKnownFileType = sourcecode.swift; path = PropertyWrapperThirdView.swift; sourceTree = "<group>"; };
		B95D929029B07119000CAF11 /* SwiftUITextField.swift */ = {isa = PBXFileReference; lastKnownFileType = sourcecode.swift; path = SwiftUITextField.swift; sourceTree = "<group>"; };
		B95D929329B0D008000CAF11 /* WelcomeView.swift */ = {isa = PBXFileReference; lastKnownFileType = sourcecode.swift; path = WelcomeView.swift; sourceTree = "<group>"; };
		B9608AAB29C851E300A88D56 /* LazyHGridView.swift */ = {isa = PBXFileReference; lastKnownFileType = sourcecode.swift; path = LazyHGridView.swift; sourceTree = "<group>"; };
		B9608AAD29C8527000A88D56 /* LazyVGridView.swift */ = {isa = PBXFileReference; lastKnownFileType = sourcecode.swift; path = LazyVGridView.swift; sourceTree = "<group>"; };
		B9608AAF29C86E9900A88D56 /* FirstNavigationView.swift */ = {isa = PBXFileReference; lastKnownFileType = sourcecode.swift; path = FirstNavigationView.swift; sourceTree = "<group>"; };
		B9608AB329C88DF200A88D56 /* CountryViewModel.swift */ = {isa = PBXFileReference; lastKnownFileType = sourcecode.swift; path = CountryViewModel.swift; sourceTree = "<group>"; };
		B9608AB529C88E5700A88D56 /* CountryModel.swift */ = {isa = PBXFileReference; lastKnownFileType = sourcecode.swift; path = CountryModel.swift; sourceTree = "<group>"; };
		B972287729CD6F330030648E /* ImageModel.swift */ = {isa = PBXFileReference; lastKnownFileType = sourcecode.swift; path = ImageModel.swift; sourceTree = "<group>"; };
		B972287929CD6FA00030648E /* HomeView.swift */ = {isa = PBXFileReference; lastKnownFileType = sourcecode.swift; path = HomeView.swift; sourceTree = "<group>"; };
		B972287B29CD72E70030648E /* PeelEffect.swift */ = {isa = PBXFileReference; lastKnownFileType = sourcecode.swift; path = PeelEffect.swift; sourceTree = "<group>"; };
		B972288229CDC4EC0030648E /* SearchView.swift */ = {isa = PBXFileReference; lastKnownFileType = sourcecode.swift; path = SearchView.swift; sourceTree = "<group>"; };
		B972288429CDC4FE0030648E /* SearchGroup.swift */ = {isa = PBXFileReference; lastKnownFileType = sourcecode.swift; path = SearchGroup.swift; sourceTree = "<group>"; };
		B97DBFD929C9774500DBA9A8 /* CountryRow.swift */ = {isa = PBXFileReference; lastKnownFileType = sourcecode.swift; path = CountryRow.swift; sourceTree = "<group>"; };
		B97DBFE029C9B0C900DBA9A8 /* NavigationStackView.swift */ = {isa = PBXFileReference; lastKnownFileType = sourcecode.swift; path = NavigationStackView.swift; sourceTree = "<group>"; };
		B97DBFE229C9B0F600DBA9A8 /* PlatformModel.swift */ = {isa = PBXFileReference; lastKnownFileType = sourcecode.swift; path = PlatformModel.swift; sourceTree = "<group>"; };
		B9AB656829CAF6A80081010B /* PropertyWrapperFirstView.swift */ = {isa = PBXFileReference; lastKnownFileType = sourcecode.swift; path = PropertyWrapperFirstView.swift; sourceTree = "<group>"; };
		B9AB656A29CAF9B60081010B /* ChangeDaySheetView.swift */ = {isa = PBXFileReference; lastKnownFileType = sourcecode.swift; path = ChangeDaySheetView.swift; sourceTree = "<group>"; };
		B9AB656C29CB22320081010B /* UserModel.swift */ = {isa = PBXFileReference; lastKnownFileType = sourcecode.swift; path = UserModel.swift; sourceTree = "<group>"; };
		B9D593F929B5E2E800DAB062 /* LoginViewModel.swift */ = {isa = PBXFileReference; lastKnownFileType = sourcecode.swift; path = LoginViewModel.swift; sourceTree = "<group>"; };
		B9D593FE29B602ED00DAB062 /* LeafBoardTabView.swift */ = {isa = PBXFileReference; lastKnownFileType = sourcecode.swift; path = LeafBoardTabView.swift; sourceTree = "<group>"; };
		B9D6BA2B29B71A3700EE23F0 /* ProductsView.swift */ = {isa = PBXFileReference; lastKnownFileType = sourcecode.swift; path = ProductsView.swift; sourceTree = "<group>"; };
		B9D6BA2D29B71A4100EE23F0 /* CartView.swift */ = {isa = PBXFileReference; lastKnownFileType = sourcecode.swift; path = CartView.swift; sourceTree = "<group>"; };
		B9D6BA2F29B71A4C00EE23F0 /* UsersView.swift */ = {isa = PBXFileReference; lastKnownFileType = sourcecode.swift; path = UsersView.swift; sourceTree = "<group>"; };
		B9D6BA3229B72CD800EE23F0 /* ProductModel.swift */ = {isa = PBXFileReference; lastKnownFileType = sourcecode.swift; path = ProductModel.swift; sourceTree = "<group>"; };
		B9D6BA3429B7354E00EE23F0 /* ProductViewModel.swift */ = {isa = PBXFileReference; lastKnownFileType = sourcecode.swift; path = ProductViewModel.swift; sourceTree = "<group>"; };
		B9F8467329AF59CD00AF72F5 /* SwiftUIDemo.app */ = {isa = PBXFileReference; explicitFileType = wrapper.application; includeInIndex = 0; path = SwiftUIDemo.app; sourceTree = BUILT_PRODUCTS_DIR; };
		B9F8467629AF59CD00AF72F5 /* SwiftUIDemoApp.swift */ = {isa = PBXFileReference; lastKnownFileType = sourcecode.swift; path = SwiftUIDemoApp.swift; sourceTree = "<group>"; };
		B9F8467829AF59CD00AF72F5 /* ContentView.swift */ = {isa = PBXFileReference; lastKnownFileType = sourcecode.swift; path = ContentView.swift; sourceTree = "<group>"; };
		B9F8467A29AF59CD00AF72F5 /* Assets.xcassets */ = {isa = PBXFileReference; lastKnownFileType = folder.assetcatalog; path = Assets.xcassets; sourceTree = "<group>"; };
		B9F8467D29AF59CD00AF72F5 /* Preview Assets.xcassets */ = {isa = PBXFileReference; lastKnownFileType = folder.assetcatalog; path = "Preview Assets.xcassets"; sourceTree = "<group>"; };
		B9F8468329AF59CD00AF72F5 /* SwiftUIDemoTests.xctest */ = {isa = PBXFileReference; explicitFileType = wrapper.cfbundle; includeInIndex = 0; path = SwiftUIDemoTests.xctest; sourceTree = BUILT_PRODUCTS_DIR; };
		B9F8468729AF59CD00AF72F5 /* SwiftUIDemoTests.swift */ = {isa = PBXFileReference; lastKnownFileType = sourcecode.swift; path = SwiftUIDemoTests.swift; sourceTree = "<group>"; };
		B9F8468D29AF59CD00AF72F5 /* SwiftUIDemoUITests.xctest */ = {isa = PBXFileReference; explicitFileType = wrapper.cfbundle; includeInIndex = 0; path = SwiftUIDemoUITests.xctest; sourceTree = BUILT_PRODUCTS_DIR; };
		B9F8469129AF59CD00AF72F5 /* SwiftUIDemoUITests.swift */ = {isa = PBXFileReference; lastKnownFileType = sourcecode.swift; path = SwiftUIDemoUITests.swift; sourceTree = "<group>"; };
		B9F8469329AF59CD00AF72F5 /* SwiftUIDemoUITestsLaunchTests.swift */ = {isa = PBXFileReference; lastKnownFileType = sourcecode.swift; path = SwiftUIDemoUITestsLaunchTests.swift; sourceTree = "<group>"; };
		B9F846A329AF647A00AF72F5 /* SwiftUIText.swift */ = {isa = PBXFileReference; lastKnownFileType = sourcecode.swift; path = SwiftUIText.swift; sourceTree = "<group>"; };
		B9F846A529AF835D00AF72F5 /* SwiftUILabel.swift */ = {isa = PBXFileReference; lastKnownFileType = sourcecode.swift; path = SwiftUILabel.swift; sourceTree = "<group>"; };
		B9FC799F29B1C15C005E2E79 /* SplashView.swift */ = {isa = PBXFileReference; lastKnownFileType = sourcecode.swift; path = SplashView.swift; sourceTree = "<group>"; };
		B9FC79A129B1F7C5005E2E79 /* LoginView.swift */ = {isa = PBXFileReference; lastKnownFileType = sourcecode.swift; path = LoginView.swift; sourceTree = "<group>"; };
/* End PBXFileReference section */

/* Begin PBXFrameworksBuildPhase section */
		B9F8467029AF59CD00AF72F5 /* Frameworks */ = {
			isa = PBXFrameworksBuildPhase;
			buildActionMask = 2147483647;
			files = (
				495F39BC69926A2D0398E95E /* Pods_SwiftUIDemo.framework in Frameworks */,
			);
			runOnlyForDeploymentPostprocessing = 0;
		};
		B9F8468029AF59CD00AF72F5 /* Frameworks */ = {
			isa = PBXFrameworksBuildPhase;
			buildActionMask = 2147483647;
			files = (
				BF122D4B061756ED99DC31B2 /* Pods_SwiftUIDemoTests.framework in Frameworks */,
			);
			runOnlyForDeploymentPostprocessing = 0;
		};
		B9F8468A29AF59CD00AF72F5 /* Frameworks */ = {
			isa = PBXFrameworksBuildPhase;
			buildActionMask = 2147483647;
			files = (
				49ED05FC75B7416693467060 /* Pods_SwiftUIDemo_SwiftUIDemoUITests.framework in Frameworks */,
			);
			runOnlyForDeploymentPostprocessing = 0;
		};
/* End PBXFrameworksBuildPhase section */

/* Begin PBXGroup section */
		80173C51A901A7E53D31BB95 /* Frameworks */ = {
			isa = PBXGroup;
			children = (
				2608A7B0212EDAC105B71D27 /* Pods_SwiftUIDemo.framework */,
				24389F7C1AF636369C35B8D7 /* Pods_SwiftUIDemo_SwiftUIDemoUITests.framework */,
				AB7E7CDC8ECB8BB0EEFBE798 /* Pods_SwiftUIDemoTests.framework */,
			);
			name = Frameworks;
			sourceTree = "<group>";
		};
		B90422E829B9B2E200DB9AD5 /* Cell */ = {
			isa = PBXGroup;
			children = (
				B90422E929B9B2FC00DB9AD5 /* ProductRow.swift */,
				B97DBFD929C9774500DBA9A8 /* CountryRow.swift */,
			);
			path = Cell;
			sourceTree = "<group>";
		};
		B95D929229B0CFEE000CAF11 /* Demos */ = {
			isa = PBXGroup;
			children = (
				B90422E829B9B2E200DB9AD5 /* Cell */,
				B9D6BA3129B72CBF00EE23F0 /* Models */,
				B9D593FB29B5F80500DAB062 /* View */,
				B9D593F829B5E2D800DAB062 /* ViewModel */,
			);
			path = Demos;
			sourceTree = "<group>";
		};
		B9AB656729CAF67C0081010B /* PropertyWrapper */ = {
			isa = PBXGroup;
			children = (
				B9AB656829CAF6A80081010B /* PropertyWrapperFirstView.swift */,
				B9AB656A29CAF9B60081010B /* ChangeDaySheetView.swift */,
				B94DCDBE29CB2C0400F7E1FD /* PropertyWrapperSecondView.swift */,
				B94DCDC029CB2C1600F7E1FD /* PropertyWrapperThirdView.swift */,
			);
			path = PropertyWrapper;
			sourceTree = "<group>";
		};
		B9D593F829B5E2D800DAB062 /* ViewModel */ = {
			isa = PBXGroup;
			children = (
				B9D593F929B5E2E800DAB062 /* LoginViewModel.swift */,
				B9D6BA3429B7354E00EE23F0 /* ProductViewModel.swift */,
				B9608AB329C88DF200A88D56 /* CountryViewModel.swift */,
			);
			path = ViewModel;
			sourceTree = "<group>";
		};
		B9D593FB29B5F80500DAB062 /* View */ = {
			isa = PBXGroup;
			children = (
				B95D929329B0D008000CAF11 /* WelcomeView.swift */,
				B9FC79A129B1F7C5005E2E79 /* LoginView.swift */,
				B9FC799F29B1C15C005E2E79 /* SplashView.swift */,
				B9D593FE29B602ED00DAB062 /* LeafBoardTabView.swift */,
				B9D6BA2B29B71A3700EE23F0 /* ProductsView.swift */,
				B9D6BA2D29B71A4100EE23F0 /* CartView.swift */,
				B9D6BA2F29B71A4C00EE23F0 /* UsersView.swift */,
				B90422EB29B9B48A00DB9AD5 /* ProductsDetailView.swift */,
			);
			path = View;
			sourceTree = "<group>";
		};
		B9D6BA3129B72CBF00EE23F0 /* Models */ = {
			isa = PBXGroup;
			children = (
				B9D6BA3229B72CD800EE23F0 /* ProductModel.swift */,
				B9608AB529C88E5700A88D56 /* CountryModel.swift */,
				B97DBFE229C9B0F600DBA9A8 /* PlatformModel.swift */,
				B9AB656C29CB22320081010B /* UserModel.swift */,
				B972287729CD6F330030648E /* ImageModel.swift */,
			);
			path = Models;
			sourceTree = "<group>";
		};
		B9F8466A29AF59CD00AF72F5 = {
			isa = PBXGroup;
			children = (
				B9F8467529AF59CD00AF72F5 /* SwiftUIDemo */,
				B9F8468629AF59CD00AF72F5 /* SwiftUIDemoTests */,
				B9F8469029AF59CD00AF72F5 /* SwiftUIDemoUITests */,
				B9F8467429AF59CD00AF72F5 /* Products */,
				E52A9DA4DCF1759DF8B5A6B5 /* Pods */,
				80173C51A901A7E53D31BB95 /* Frameworks */,
			);
			sourceTree = "<group>";
		};
		B9F8467429AF59CD00AF72F5 /* Products */ = {
			isa = PBXGroup;
			children = (
				B9F8467329AF59CD00AF72F5 /* SwiftUIDemo.app */,
				B9F8468329AF59CD00AF72F5 /* SwiftUIDemoTests.xctest */,
				B9F8468D29AF59CD00AF72F5 /* SwiftUIDemoUITests.xctest */,
			);
			name = Products;
			sourceTree = "<group>";
		};
		B9F8467529AF59CD00AF72F5 /* SwiftUIDemo */ = {
			isa = PBXGroup;
			children = (
				B95D929229B0CFEE000CAF11 /* Demos */,
				B9F846A029AF641E00AF72F5 /* Basic Components */,
				B9F8467629AF59CD00AF72F5 /* SwiftUIDemoApp.swift */,
				B9F8467829AF59CD00AF72F5 /* ContentView.swift */,
				B9F8467A29AF59CD00AF72F5 /* Assets.xcassets */,
				B9F8467C29AF59CD00AF72F5 /* Preview Content */,
			);
			path = SwiftUIDemo;
			sourceTree = "<group>";
		};
		B9F8467C29AF59CD00AF72F5 /* Preview Content */ = {
			isa = PBXGroup;
			children = (
				B9F8467D29AF59CD00AF72F5 /* Preview Assets.xcassets */,
			);
			path = "Preview Content";
			sourceTree = "<group>";
		};
		B9F8468629AF59CD00AF72F5 /* SwiftUIDemoTests */ = {
			isa = PBXGroup;
			children = (
				B9F8468729AF59CD00AF72F5 /* SwiftUIDemoTests.swift */,
			);
			path = SwiftUIDemoTests;
			sourceTree = "<group>";
		};
		B9F8469029AF59CD00AF72F5 /* SwiftUIDemoUITests */ = {
			isa = PBXGroup;
			children = (
				B9F8469129AF59CD00AF72F5 /* SwiftUIDemoUITests.swift */,
				B9F8469329AF59CD00AF72F5 /* SwiftUIDemoUITestsLaunchTests.swift */,
			);
			path = SwiftUIDemoUITests;
			sourceTree = "<group>";
		};
		B9F846A029AF641E00AF72F5 /* Basic Components */ = {
			isa = PBXGroup;
			children = (
				B9AB656729CAF67C0081010B /* PropertyWrapper */,
				B9F846A329AF647A00AF72F5 /* SwiftUIText.swift */,
				B9F846A529AF835D00AF72F5 /* SwiftUILabel.swift */,
				B95D929029B07119000CAF11 /* SwiftUITextField.swift */,
				B9608AAB29C851E300A88D56 /* LazyHGridView.swift */,
				B9608AAD29C8527000A88D56 /* LazyVGridView.swift */,
				B9608AAF29C86E9900A88D56 /* FirstNavigationView.swift */,
				B97DBFE029C9B0C900DBA9A8 /* NavigationStackView.swift */,
				B909325529CC196E00E3B512 /* FormView.swift */,
				B909325729CC1AC100E3B512 /* RadioButtonField.swift */,
				B909325929CC4E9600E3B512 /* ModalWithSheetView.swift */,
				B972287929CD6FA00030648E /* HomeView.swift */,
				B972287B29CD72E70030648E /* PeelEffect.swift */,
				B972288229CDC4EC0030648E /* SearchView.swift */,
				B972288429CDC4FE0030648E /* SearchGroup.swift */,
			);
			path = "Basic Components";
			sourceTree = "<group>";
		};
		E52A9DA4DCF1759DF8B5A6B5 /* Pods */ = {
			isa = PBXGroup;
			children = (
				11B95647CA25D587B41BDD8F /* Pods-SwiftUIDemo.debug.xcconfig */,
				2AD7B7C0124D2FF96C06DF82 /* Pods-SwiftUIDemo.release.xcconfig */,
				85CBC9190379DBC2B7F8863D /* Pods-SwiftUIDemo-SwiftUIDemoUITests.debug.xcconfig */,
				8D103B134DEE08D446CE4E52 /* Pods-SwiftUIDemo-SwiftUIDemoUITests.release.xcconfig */,
				23E42B05A67CF2DAE9FB4E4F /* Pods-SwiftUIDemoTests.debug.xcconfig */,
				9C0D38C28E04198EDF80DC07 /* Pods-SwiftUIDemoTests.release.xcconfig */,
			);
			path = Pods;
			sourceTree = "<group>";
		};
/* End PBXGroup section */

/* Begin PBXNativeTarget section */
		B9F8467229AF59CD00AF72F5 /* SwiftUIDemo */ = {
			isa = PBXNativeTarget;
			buildConfigurationList = B9F8469729AF59CD00AF72F5 /* Build configuration list for PBXNativeTarget "SwiftUIDemo" */;
			buildPhases = (
				0EF7A32A726F6AC3A5371B9B /* [CP] Check Pods Manifest.lock */,
				B9F8466F29AF59CD00AF72F5 /* Sources */,
				B9F8467029AF59CD00AF72F5 /* Frameworks */,
				B9F8467129AF59CD00AF72F5 /* Resources */,
				6820CDB7740B6A4F2A46DB31 /* [CP] Embed Pods Frameworks */,
			);
			buildRules = (
			);
			dependencies = (
			);
			name = SwiftUIDemo;
			productName = SwiftUIDemo;
			productReference = B9F8467329AF59CD00AF72F5 /* SwiftUIDemo.app */;
			productType = "com.apple.product-type.application";
		};
		B9F8468229AF59CD00AF72F5 /* SwiftUIDemoTests */ = {
			isa = PBXNativeTarget;
			buildConfigurationList = B9F8469A29AF59CD00AF72F5 /* Build configuration list for PBXNativeTarget "SwiftUIDemoTests" */;
			buildPhases = (
				9CAC6A5D8D5C626905413C85 /* [CP] Check Pods Manifest.lock */,
				B9F8467F29AF59CD00AF72F5 /* Sources */,
				B9F8468029AF59CD00AF72F5 /* Frameworks */,
				B9F8468129AF59CD00AF72F5 /* Resources */,
			);
			buildRules = (
			);
			dependencies = (
				B9F8468529AF59CD00AF72F5 /* PBXTargetDependency */,
			);
			name = SwiftUIDemoTests;
			productName = SwiftUIDemoTests;
			productReference = B9F8468329AF59CD00AF72F5 /* SwiftUIDemoTests.xctest */;
			productType = "com.apple.product-type.bundle.unit-test";
		};
		B9F8468C29AF59CD00AF72F5 /* SwiftUIDemoUITests */ = {
			isa = PBXNativeTarget;
			buildConfigurationList = B9F8469D29AF59CD00AF72F5 /* Build configuration list for PBXNativeTarget "SwiftUIDemoUITests" */;
			buildPhases = (
				44688F2027A2FD885045BEB1 /* [CP] Check Pods Manifest.lock */,
				B9F8468929AF59CD00AF72F5 /* Sources */,
				B9F8468A29AF59CD00AF72F5 /* Frameworks */,
				B9F8468B29AF59CD00AF72F5 /* Resources */,
				D7141FA340EC289213C7715E /* [CP] Embed Pods Frameworks */,
			);
			buildRules = (
			);
			dependencies = (
				B9F8468F29AF59CD00AF72F5 /* PBXTargetDependency */,
			);
			name = SwiftUIDemoUITests;
			productName = SwiftUIDemoUITests;
			productReference = B9F8468D29AF59CD00AF72F5 /* SwiftUIDemoUITests.xctest */;
			productType = "com.apple.product-type.bundle.ui-testing";
		};
/* End PBXNativeTarget section */

/* Begin PBXProject section */
		B9F8466B29AF59CD00AF72F5 /* Project object */ = {
			isa = PBXProject;
			attributes = {
				BuildIndependentTargetsInParallel = 1;
				LastSwiftUpdateCheck = 1410;
				LastUpgradeCheck = 1410;
				TargetAttributes = {
					B9F8467229AF59CD00AF72F5 = {
						CreatedOnToolsVersion = 14.1;
					};
					B9F8468229AF59CD00AF72F5 = {
						CreatedOnToolsVersion = 14.1;
						TestTargetID = B9F8467229AF59CD00AF72F5;
					};
					B9F8468C29AF59CD00AF72F5 = {
						CreatedOnToolsVersion = 14.1;
						TestTargetID = B9F8467229AF59CD00AF72F5;
					};
				};
			};
			buildConfigurationList = B9F8466E29AF59CD00AF72F5 /* Build configuration list for PBXProject "SwiftUIDemo" */;
			compatibilityVersion = "Xcode 14.0";
			developmentRegion = en;
			hasScannedForEncodings = 0;
			knownRegions = (
				en,
				Base,
			);
			mainGroup = B9F8466A29AF59CD00AF72F5;
			productRefGroup = B9F8467429AF59CD00AF72F5 /* Products */;
			projectDirPath = "";
			projectRoot = "";
			targets = (
				B9F8467229AF59CD00AF72F5 /* SwiftUIDemo */,
				B9F8468229AF59CD00AF72F5 /* SwiftUIDemoTests */,
				B9F8468C29AF59CD00AF72F5 /* SwiftUIDemoUITests */,
			);
		};
/* End PBXProject section */

/* Begin PBXResourcesBuildPhase section */
		B9F8467129AF59CD00AF72F5 /* Resources */ = {
			isa = PBXResourcesBuildPhase;
			buildActionMask = 2147483647;
			files = (
				B9F8467E29AF59CD00AF72F5 /* Preview Assets.xcassets in Resources */,
				B9F8467B29AF59CD00AF72F5 /* Assets.xcassets in Resources */,
			);
			runOnlyForDeploymentPostprocessing = 0;
		};
		B9F8468129AF59CD00AF72F5 /* Resources */ = {
			isa = PBXResourcesBuildPhase;
			buildActionMask = 2147483647;
			files = (
			);
			runOnlyForDeploymentPostprocessing = 0;
		};
		B9F8468B29AF59CD00AF72F5 /* Resources */ = {
			isa = PBXResourcesBuildPhase;
			buildActionMask = 2147483647;
			files = (
			);
			runOnlyForDeploymentPostprocessing = 0;
		};
/* End PBXResourcesBuildPhase section */

/* Begin PBXShellScriptBuildPhase section */
		0EF7A32A726F6AC3A5371B9B /* [CP] Check Pods Manifest.lock */ = {
			isa = PBXShellScriptBuildPhase;
			buildActionMask = 2147483647;
			files = (
			);
			inputFileListPaths = (
			);
			inputPaths = (
				"${PODS_PODFILE_DIR_PATH}/Podfile.lock",
				"${PODS_ROOT}/Manifest.lock",
			);
			name = "[CP] Check Pods Manifest.lock";
			outputFileListPaths = (
			);
			outputPaths = (
				"$(DERIVED_FILE_DIR)/Pods-SwiftUIDemo-checkManifestLockResult.txt",
			);
			runOnlyForDeploymentPostprocessing = 0;
			shellPath = /bin/sh;
			shellScript = "diff \"${PODS_PODFILE_DIR_PATH}/Podfile.lock\" \"${PODS_ROOT}/Manifest.lock\" > /dev/null\nif [ $? != 0 ] ; then\n    # print error to STDERR\n    echo \"error: The sandbox is not in sync with the Podfile.lock. Run 'pod install' or update your CocoaPods installation.\" >&2\n    exit 1\nfi\n# This output is used by Xcode 'outputs' to avoid re-running this script phase.\necho \"SUCCESS\" > \"${SCRIPT_OUTPUT_FILE_0}\"\n";
			showEnvVarsInLog = 0;
		};
		44688F2027A2FD885045BEB1 /* [CP] Check Pods Manifest.lock */ = {
			isa = PBXShellScriptBuildPhase;
			buildActionMask = 2147483647;
			files = (
			);
			inputFileListPaths = (
			);
			inputPaths = (
				"${PODS_PODFILE_DIR_PATH}/Podfile.lock",
				"${PODS_ROOT}/Manifest.lock",
			);
			name = "[CP] Check Pods Manifest.lock";
			outputFileListPaths = (
			);
			outputPaths = (
				"$(DERIVED_FILE_DIR)/Pods-SwiftUIDemo-SwiftUIDemoUITests-checkManifestLockResult.txt",
			);
			runOnlyForDeploymentPostprocessing = 0;
			shellPath = /bin/sh;
			shellScript = "diff \"${PODS_PODFILE_DIR_PATH}/Podfile.lock\" \"${PODS_ROOT}/Manifest.lock\" > /dev/null\nif [ $? != 0 ] ; then\n    # print error to STDERR\n    echo \"error: The sandbox is not in sync with the Podfile.lock. Run 'pod install' or update your CocoaPods installation.\" >&2\n    exit 1\nfi\n# This output is used by Xcode 'outputs' to avoid re-running this script phase.\necho \"SUCCESS\" > \"${SCRIPT_OUTPUT_FILE_0}\"\n";
			showEnvVarsInLog = 0;
		};
		6820CDB7740B6A4F2A46DB31 /* [CP] Embed Pods Frameworks */ = {
			isa = PBXShellScriptBuildPhase;
			buildActionMask = 2147483647;
			files = (
			);
			inputFileListPaths = (
				"${PODS_ROOT}/Target Support Files/Pods-SwiftUIDemo/Pods-SwiftUIDemo-frameworks-${CONFIGURATION}-input-files.xcfilelist",
			);
			name = "[CP] Embed Pods Frameworks";
			outputFileListPaths = (
				"${PODS_ROOT}/Target Support Files/Pods-SwiftUIDemo/Pods-SwiftUIDemo-frameworks-${CONFIGURATION}-output-files.xcfilelist",
			);
			runOnlyForDeploymentPostprocessing = 0;
			shellPath = /bin/sh;
			shellScript = "\"${PODS_ROOT}/Target Support Files/Pods-SwiftUIDemo/Pods-SwiftUIDemo-frameworks.sh\"\n";
			showEnvVarsInLog = 0;
		};
		9CAC6A5D8D5C626905413C85 /* [CP] Check Pods Manifest.lock */ = {
			isa = PBXShellScriptBuildPhase;
			buildActionMask = 2147483647;
			files = (
			);
			inputFileListPaths = (
			);
			inputPaths = (
				"${PODS_PODFILE_DIR_PATH}/Podfile.lock",
				"${PODS_ROOT}/Manifest.lock",
			);
			name = "[CP] Check Pods Manifest.lock";
			outputFileListPaths = (
			);
			outputPaths = (
				"$(DERIVED_FILE_DIR)/Pods-SwiftUIDemoTests-checkManifestLockResult.txt",
			);
			runOnlyForDeploymentPostprocessing = 0;
			shellPath = /bin/sh;
			shellScript = "diff \"${PODS_PODFILE_DIR_PATH}/Podfile.lock\" \"${PODS_ROOT}/Manifest.lock\" > /dev/null\nif [ $? != 0 ] ; then\n    # print error to STDERR\n    echo \"error: The sandbox is not in sync with the Podfile.lock. Run 'pod install' or update your CocoaPods installation.\" >&2\n    exit 1\nfi\n# This output is used by Xcode 'outputs' to avoid re-running this script phase.\necho \"SUCCESS\" > \"${SCRIPT_OUTPUT_FILE_0}\"\n";
			showEnvVarsInLog = 0;
		};
		D7141FA340EC289213C7715E /* [CP] Embed Pods Frameworks */ = {
			isa = PBXShellScriptBuildPhase;
			buildActionMask = 2147483647;
			files = (
			);
			inputFileListPaths = (
				"${PODS_ROOT}/Target Support Files/Pods-SwiftUIDemo-SwiftUIDemoUITests/Pods-SwiftUIDemo-SwiftUIDemoUITests-frameworks-${CONFIGURATION}-input-files.xcfilelist",
			);
			name = "[CP] Embed Pods Frameworks";
			outputFileListPaths = (
				"${PODS_ROOT}/Target Support Files/Pods-SwiftUIDemo-SwiftUIDemoUITests/Pods-SwiftUIDemo-SwiftUIDemoUITests-frameworks-${CONFIGURATION}-output-files.xcfilelist",
			);
			runOnlyForDeploymentPostprocessing = 0;
			shellPath = /bin/sh;
			shellScript = "\"${PODS_ROOT}/Target Support Files/Pods-SwiftUIDemo-SwiftUIDemoUITests/Pods-SwiftUIDemo-SwiftUIDemoUITests-frameworks.sh\"\n";
			showEnvVarsInLog = 0;
		};
/* End PBXShellScriptBuildPhase section */

/* Begin PBXSourcesBuildPhase section */
		B9F8466F29AF59CD00AF72F5 /* Sources */ = {
			isa = PBXSourcesBuildPhase;
			buildActionMask = 2147483647;
			files = (
				B909325829CC1AC100E3B512 /* RadioButtonField.swift in Sources */,
				B9D593FF29B602ED00DAB062 /* LeafBoardTabView.swift in Sources */,
				B972287C29CD72E70030648E /* PeelEffect.swift in Sources */,
				B9F846A629AF835D00AF72F5 /* SwiftUILabel.swift in Sources */,
				B95D929429B0D008000CAF11 /* WelcomeView.swift in Sources */,
				B97DBFDA29C9774500DBA9A8 /* CountryRow.swift in Sources */,
				B90422EC29B9B48A00DB9AD5 /* ProductsDetailView.swift in Sources */,
				B909325629CC196E00E3B512 /* FormView.swift in Sources */,
				B9608AAC29C851E300A88D56 /* LazyHGridView.swift in Sources */,
				B972287A29CD6FA00030648E /* HomeView.swift in Sources */,
				B97DBFE329C9B0F600DBA9A8 /* PlatformModel.swift in Sources */,
				B9F8467929AF59CD00AF72F5 /* ContentView.swift in Sources */,
				B95D929129B07119000CAF11 /* SwiftUITextField.swift in Sources */,
				B972288529CDC4FE0030648E /* SearchGroup.swift in Sources */,
				B94DCDC129CB2C1600F7E1FD /* PropertyWrapperThirdView.swift in Sources */,
				B909325A29CC4E9600E3B512 /* ModalWithSheetView.swift in Sources */,
				B9D6BA3329B72CD800EE23F0 /* ProductModel.swift in Sources */,
				B9F846A429AF647A00AF72F5 /* SwiftUIText.swift in Sources */,
				B9D6BA2E29B71A4100EE23F0 /* CartView.swift in Sources */,
				B9D6BA2C29B71A3700EE23F0 /* ProductsView.swift in Sources */,
				B9AB656B29CAF9B60081010B /* ChangeDaySheetView.swift in Sources */,
				B9F8467729AF59CD00AF72F5 /* SwiftUIDemoApp.swift in Sources */,
				B97DBFE129C9B0C900DBA9A8 /* NavigationStackView.swift in Sources */,
				B9608AB629C88E5700A88D56 /* CountryModel.swift in Sources */,
				B972288329CDC4EC0030648E /* SearchView.swift in Sources */,
				B9D6BA3029B71A4C00EE23F0 /* UsersView.swift in Sources */,
				B9FC79A229B1F7C5005E2E79 /* LoginView.swift in Sources */,
				B9FC79A029B1C15C005E2E79 /* SplashView.swift in Sources */,
				B9AB656D29CB22320081010B /* UserModel.swift in Sources */,
				B9608AB429C88DF200A88D56 /* CountryViewModel.swift in Sources */,
				B94DCDBF29CB2C0400F7E1FD /* PropertyWrapperSecondView.swift in Sources */,
				B972287829CD6F330030648E /* ImageModel.swift in Sources */,
				B9AB656929CAF6A80081010B /* PropertyWrapperFirstView.swift in Sources */,
				B9608AB029C86E9900A88D56 /* FirstNavigationView.swift in Sources */,
				B90422EA29B9B2FC00DB9AD5 /* ProductRow.swift in Sources */,
				B9D593FA29B5E2E800DAB062 /* LoginViewModel.swift in Sources */,
				B9D6BA3529B7354E00EE23F0 /* ProductViewModel.swift in Sources */,
				B9608AAE29C8527000A88D56 /* LazyVGridView.swift in Sources */,
			);
			runOnlyForDeploymentPostprocessing = 0;
		};
		B9F8467F29AF59CD00AF72F5 /* Sources */ = {
			isa = PBXSourcesBuildPhase;
			buildActionMask = 2147483647;
			files = (
				B9F8468829AF59CD00AF72F5 /* SwiftUIDemoTests.swift in Sources */,
			);
			runOnlyForDeploymentPostprocessing = 0;
		};
		B9F8468929AF59CD00AF72F5 /* Sources */ = {
			isa = PBXSourcesBuildPhase;
			buildActionMask = 2147483647;
			files = (
				B9F8469229AF59CD00AF72F5 /* SwiftUIDemoUITests.swift in Sources */,
				B9F8469429AF59CD00AF72F5 /* SwiftUIDemoUITestsLaunchTests.swift in Sources */,
			);
			runOnlyForDeploymentPostprocessing = 0;
		};
/* End PBXSourcesBuildPhase section */

/* Begin PBXTargetDependency section */
		B9F8468529AF59CD00AF72F5 /* PBXTargetDependency */ = {
			isa = PBXTargetDependency;
			target = B9F8467229AF59CD00AF72F5 /* SwiftUIDemo */;
			targetProxy = B9F8468429AF59CD00AF72F5 /* PBXContainerItemProxy */;
		};
		B9F8468F29AF59CD00AF72F5 /* PBXTargetDependency */ = {
			isa = PBXTargetDependency;
			target = B9F8467229AF59CD00AF72F5 /* SwiftUIDemo */;
			targetProxy = B9F8468E29AF59CD00AF72F5 /* PBXContainerItemProxy */;
		};
/* End PBXTargetDependency section */

/* Begin XCBuildConfiguration section */
		B9F8469529AF59CD00AF72F5 /* Debug */ = {
			isa = XCBuildConfiguration;
			buildSettings = {
				ALWAYS_SEARCH_USER_PATHS = NO;
				CLANG_ANALYZER_NONNULL = YES;
				CLANG_ANALYZER_NUMBER_OBJECT_CONVERSION = YES_AGGRESSIVE;
				CLANG_CXX_LANGUAGE_STANDARD = "gnu++20";
				CLANG_ENABLE_MODULES = YES;
				CLANG_ENABLE_OBJC_ARC = YES;
				CLANG_ENABLE_OBJC_WEAK = YES;
				CLANG_WARN_BLOCK_CAPTURE_AUTORELEASING = YES;
				CLANG_WARN_BOOL_CONVERSION = YES;
				CLANG_WARN_COMMA = YES;
				CLANG_WARN_CONSTANT_CONVERSION = YES;
				CLANG_WARN_DEPRECATED_OBJC_IMPLEMENTATIONS = YES;
				CLANG_WARN_DIRECT_OBJC_ISA_USAGE = YES_ERROR;
				CLANG_WARN_DOCUMENTATION_COMMENTS = YES;
				CLANG_WARN_EMPTY_BODY = YES;
				CLANG_WARN_ENUM_CONVERSION = YES;
				CLANG_WARN_INFINITE_RECURSION = YES;
				CLANG_WARN_INT_CONVERSION = YES;
				CLANG_WARN_NON_LITERAL_NULL_CONVERSION = YES;
				CLANG_WARN_OBJC_IMPLICIT_RETAIN_SELF = YES;
				CLANG_WARN_OBJC_LITERAL_CONVERSION = YES;
				CLANG_WARN_OBJC_ROOT_CLASS = YES_ERROR;
				CLANG_WARN_QUOTED_INCLUDE_IN_FRAMEWORK_HEADER = YES;
				CLANG_WARN_RANGE_LOOP_ANALYSIS = YES;
				CLANG_WARN_STRICT_PROTOTYPES = YES;
				CLANG_WARN_SUSPICIOUS_MOVE = YES;
				CLANG_WARN_UNGUARDED_AVAILABILITY = YES_AGGRESSIVE;
				CLANG_WARN_UNREACHABLE_CODE = YES;
				CLANG_WARN__DUPLICATE_METHOD_MATCH = YES;
				COPY_PHASE_STRIP = NO;
				DEBUG_INFORMATION_FORMAT = dwarf;
				ENABLE_STRICT_OBJC_MSGSEND = YES;
				ENABLE_TESTABILITY = YES;
				GCC_C_LANGUAGE_STANDARD = gnu11;
				GCC_DYNAMIC_NO_PIC = NO;
				GCC_NO_COMMON_BLOCKS = YES;
				GCC_OPTIMIZATION_LEVEL = 0;
				GCC_PREPROCESSOR_DEFINITIONS = (
					"DEBUG=1",
					"$(inherited)",
				);
				GCC_WARN_64_TO_32_BIT_CONVERSION = YES;
				GCC_WARN_ABOUT_RETURN_TYPE = YES_ERROR;
				GCC_WARN_UNDECLARED_SELECTOR = YES;
				GCC_WARN_UNINITIALIZED_AUTOS = YES_AGGRESSIVE;
				GCC_WARN_UNUSED_FUNCTION = YES;
				GCC_WARN_UNUSED_VARIABLE = YES;
				IPHONEOS_DEPLOYMENT_TARGET = 16.1;
				MTL_ENABLE_DEBUG_INFO = INCLUDE_SOURCE;
				MTL_FAST_MATH = YES;
				ONLY_ACTIVE_ARCH = YES;
				SDKROOT = iphoneos;
				SWIFT_ACTIVE_COMPILATION_CONDITIONS = DEBUG;
				SWIFT_OPTIMIZATION_LEVEL = "-Onone";
			};
			name = Debug;
		};
		B9F8469629AF59CD00AF72F5 /* Release */ = {
			isa = XCBuildConfiguration;
			buildSettings = {
				ALWAYS_SEARCH_USER_PATHS = NO;
				CLANG_ANALYZER_NONNULL = YES;
				CLANG_ANALYZER_NUMBER_OBJECT_CONVERSION = YES_AGGRESSIVE;
				CLANG_CXX_LANGUAGE_STANDARD = "gnu++20";
				CLANG_ENABLE_MODULES = YES;
				CLANG_ENABLE_OBJC_ARC = YES;
				CLANG_ENABLE_OBJC_WEAK = YES;
				CLANG_WARN_BLOCK_CAPTURE_AUTORELEASING = YES;
				CLANG_WARN_BOOL_CONVERSION = YES;
				CLANG_WARN_COMMA = YES;
				CLANG_WARN_CONSTANT_CONVERSION = YES;
				CLANG_WARN_DEPRECATED_OBJC_IMPLEMENTATIONS = YES;
				CLANG_WARN_DIRECT_OBJC_ISA_USAGE = YES_ERROR;
				CLANG_WARN_DOCUMENTATION_COMMENTS = YES;
				CLANG_WARN_EMPTY_BODY = YES;
				CLANG_WARN_ENUM_CONVERSION = YES;
				CLANG_WARN_INFINITE_RECURSION = YES;
				CLANG_WARN_INT_CONVERSION = YES;
				CLANG_WARN_NON_LITERAL_NULL_CONVERSION = YES;
				CLANG_WARN_OBJC_IMPLICIT_RETAIN_SELF = YES;
				CLANG_WARN_OBJC_LITERAL_CONVERSION = YES;
				CLANG_WARN_OBJC_ROOT_CLASS = YES_ERROR;
				CLANG_WARN_QUOTED_INCLUDE_IN_FRAMEWORK_HEADER = YES;
				CLANG_WARN_RANGE_LOOP_ANALYSIS = YES;
				CLANG_WARN_STRICT_PROTOTYPES = YES;
				CLANG_WARN_SUSPICIOUS_MOVE = YES;
				CLANG_WARN_UNGUARDED_AVAILABILITY = YES_AGGRESSIVE;
				CLANG_WARN_UNREACHABLE_CODE = YES;
				CLANG_WARN__DUPLICATE_METHOD_MATCH = YES;
				COPY_PHASE_STRIP = NO;
				DEBUG_INFORMATION_FORMAT = "dwarf-with-dsym";
				ENABLE_NS_ASSERTIONS = NO;
				ENABLE_STRICT_OBJC_MSGSEND = YES;
				GCC_C_LANGUAGE_STANDARD = gnu11;
				GCC_NO_COMMON_BLOCKS = YES;
				GCC_WARN_64_TO_32_BIT_CONVERSION = YES;
				GCC_WARN_ABOUT_RETURN_TYPE = YES_ERROR;
				GCC_WARN_UNDECLARED_SELECTOR = YES;
				GCC_WARN_UNINITIALIZED_AUTOS = YES_AGGRESSIVE;
				GCC_WARN_UNUSED_FUNCTION = YES;
				GCC_WARN_UNUSED_VARIABLE = YES;
				IPHONEOS_DEPLOYMENT_TARGET = 16.1;
				MTL_ENABLE_DEBUG_INFO = NO;
				MTL_FAST_MATH = YES;
				SDKROOT = iphoneos;
				SWIFT_COMPILATION_MODE = wholemodule;
				SWIFT_OPTIMIZATION_LEVEL = "-O";
				VALIDATE_PRODUCT = YES;
			};
			name = Release;
		};
		B9F8469829AF59CD00AF72F5 /* Debug */ = {
			isa = XCBuildConfiguration;
			baseConfigurationReference = 11B95647CA25D587B41BDD8F /* Pods-SwiftUIDemo.debug.xcconfig */;
			buildSettings = {
				ASSETCATALOG_COMPILER_APPICON_NAME = AppIcon;
				ASSETCATALOG_COMPILER_GLOBAL_ACCENT_COLOR_NAME = AccentColor;
				CODE_SIGN_STYLE = Automatic;
				CURRENT_PROJECT_VERSION = 1;
				DEVELOPMENT_ASSET_PATHS = "\"SwiftUIDemo/Preview Content\"";
				DEVELOPMENT_TEAM = Z8Y974J6U5;
				ENABLE_PREVIEWS = YES;
				GENERATE_INFOPLIST_FILE = YES;
				INFOPLIST_KEY_UIApplicationSceneManifest_Generation = YES;
				INFOPLIST_KEY_UIApplicationSupportsIndirectInputEvents = YES;
				INFOPLIST_KEY_UILaunchScreen_Generation = YES;
				INFOPLIST_KEY_UISupportedInterfaceOrientations_iPad = "UIInterfaceOrientationPortrait UIInterfaceOrientationPortraitUpsideDown UIInterfaceOrientationLandscapeLeft UIInterfaceOrientationLandscapeRight";
				INFOPLIST_KEY_UISupportedInterfaceOrientations_iPhone = "UIInterfaceOrientationPortrait UIInterfaceOrientationLandscapeLeft UIInterfaceOrientationLandscapeRight";
				IPHONEOS_DEPLOYMENT_TARGET = 16.1;
				LD_RUNPATH_SEARCH_PATHS = (
					"$(inherited)",
					"@executable_path/Frameworks",
				);
				MARKETING_VERSION = 1.0;
				PRODUCT_BUNDLE_IDENTIFIER = com.SwiftUIDemo;
				PRODUCT_NAME = "$(TARGET_NAME)";
				SWIFT_EMIT_LOC_STRINGS = YES;
				SWIFT_VERSION = 5.0;
				TARGETED_DEVICE_FAMILY = "1,2";
			};
			name = Debug;
		};
		B9F8469929AF59CD00AF72F5 /* Release */ = {
			isa = XCBuildConfiguration;
			baseConfigurationReference = 2AD7B7C0124D2FF96C06DF82 /* Pods-SwiftUIDemo.release.xcconfig */;
			buildSettings = {
				ASSETCATALOG_COMPILER_APPICON_NAME = AppIcon;
				ASSETCATALOG_COMPILER_GLOBAL_ACCENT_COLOR_NAME = AccentColor;
				CODE_SIGN_STYLE = Automatic;
				CURRENT_PROJECT_VERSION = 1;
				DEVELOPMENT_ASSET_PATHS = "\"SwiftUIDemo/Preview Content\"";
				DEVELOPMENT_TEAM = Z8Y974J6U5;
				ENABLE_PREVIEWS = YES;
				GENERATE_INFOPLIST_FILE = YES;
				INFOPLIST_KEY_UIApplicationSceneManifest_Generation = YES;
				INFOPLIST_KEY_UIApplicationSupportsIndirectInputEvents = YES;
				INFOPLIST_KEY_UILaunchScreen_Generation = YES;
				INFOPLIST_KEY_UISupportedInterfaceOrientations_iPad = "UIInterfaceOrientationPortrait UIInterfaceOrientationPortraitUpsideDown UIInterfaceOrientationLandscapeLeft UIInterfaceOrientationLandscapeRight";
				INFOPLIST_KEY_UISupportedInterfaceOrientations_iPhone = "UIInterfaceOrientationPortrait UIInterfaceOrientationLandscapeLeft UIInterfaceOrientationLandscapeRight";
				IPHONEOS_DEPLOYMENT_TARGET = 16.1;
				LD_RUNPATH_SEARCH_PATHS = (
					"$(inherited)",
					"@executable_path/Frameworks",
				);
				MARKETING_VERSION = 1.0;
				PRODUCT_BUNDLE_IDENTIFIER = com.SwiftUIDemo;
				PRODUCT_NAME = "$(TARGET_NAME)";
				SWIFT_EMIT_LOC_STRINGS = YES;
				SWIFT_VERSION = 5.0;
				TARGETED_DEVICE_FAMILY = "1,2";
			};
			name = Release;
		};
		B9F8469B29AF59CD00AF72F5 /* Debug */ = {
			isa = XCBuildConfiguration;
			baseConfigurationReference = 23E42B05A67CF2DAE9FB4E4F /* Pods-SwiftUIDemoTests.debug.xcconfig */;
			buildSettings = {
				ALWAYS_EMBED_SWIFT_STANDARD_LIBRARIES = YES;
				BUNDLE_LOADER = "$(TEST_HOST)";
				CODE_SIGN_STYLE = Automatic;
				CURRENT_PROJECT_VERSION = 1;
				DEVELOPMENT_TEAM = Z8Y974J6U5;
				GENERATE_INFOPLIST_FILE = YES;
				IPHONEOS_DEPLOYMENT_TARGET = 16.1;
				MARKETING_VERSION = 1.0;
				PRODUCT_BUNDLE_IDENTIFIER = com.SwiftUIDemoTests;
				PRODUCT_NAME = "$(TARGET_NAME)";
				SWIFT_EMIT_LOC_STRINGS = NO;
				SWIFT_VERSION = 5.0;
				TARGETED_DEVICE_FAMILY = "1,2";
				TEST_HOST = "$(BUILT_PRODUCTS_DIR)/SwiftUIDemo.app/$(BUNDLE_EXECUTABLE_FOLDER_PATH)/SwiftUIDemo";
			};
			name = Debug;
		};
		B9F8469C29AF59CD00AF72F5 /* Release */ = {
			isa = XCBuildConfiguration;
			baseConfigurationReference = 9C0D38C28E04198EDF80DC07 /* Pods-SwiftUIDemoTests.release.xcconfig */;
			buildSettings = {
				ALWAYS_EMBED_SWIFT_STANDARD_LIBRARIES = YES;
				BUNDLE_LOADER = "$(TEST_HOST)";
				CODE_SIGN_STYLE = Automatic;
				CURRENT_PROJECT_VERSION = 1;
				DEVELOPMENT_TEAM = Z8Y974J6U5;
				GENERATE_INFOPLIST_FILE = YES;
				IPHONEOS_DEPLOYMENT_TARGET = 16.1;
				MARKETING_VERSION = 1.0;
				PRODUCT_BUNDLE_IDENTIFIER = com.SwiftUIDemoTests;
				PRODUCT_NAME = "$(TARGET_NAME)";
				SWIFT_EMIT_LOC_STRINGS = NO;
				SWIFT_VERSION = 5.0;
				TARGETED_DEVICE_FAMILY = "1,2";
				TEST_HOST = "$(BUILT_PRODUCTS_DIR)/SwiftUIDemo.app/$(BUNDLE_EXECUTABLE_FOLDER_PATH)/SwiftUIDemo";
			};
			name = Release;
		};
		B9F8469E29AF59CD00AF72F5 /* Debug */ = {
			isa = XCBuildConfiguration;
			baseConfigurationReference = 85CBC9190379DBC2B7F8863D /* Pods-SwiftUIDemo-SwiftUIDemoUITests.debug.xcconfig */;
			buildSettings = {
				ALWAYS_EMBED_SWIFT_STANDARD_LIBRARIES = YES;
				CODE_SIGN_STYLE = Automatic;
				CURRENT_PROJECT_VERSION = 1;
				DEVELOPMENT_TEAM = Z8Y974J6U5;
				GENERATE_INFOPLIST_FILE = YES;
				MARKETING_VERSION = 1.0;
				PRODUCT_BUNDLE_IDENTIFIER = com.SwiftUIDemoUITests;
				PRODUCT_NAME = "$(TARGET_NAME)";
				SWIFT_EMIT_LOC_STRINGS = NO;
				SWIFT_VERSION = 5.0;
				TARGETED_DEVICE_FAMILY = "1,2";
				TEST_TARGET_NAME = SwiftUIDemo;
			};
			name = Debug;
		};
		B9F8469F29AF59CD00AF72F5 /* Release */ = {
			isa = XCBuildConfiguration;
			baseConfigurationReference = 8D103B134DEE08D446CE4E52 /* Pods-SwiftUIDemo-SwiftUIDemoUITests.release.xcconfig */;
			buildSettings = {
				ALWAYS_EMBED_SWIFT_STANDARD_LIBRARIES = YES;
				CODE_SIGN_STYLE = Automatic;
				CURRENT_PROJECT_VERSION = 1;
				DEVELOPMENT_TEAM = Z8Y974J6U5;
				GENERATE_INFOPLIST_FILE = YES;
				MARKETING_VERSION = 1.0;
				PRODUCT_BUNDLE_IDENTIFIER = com.SwiftUIDemoUITests;
				PRODUCT_NAME = "$(TARGET_NAME)";
				SWIFT_EMIT_LOC_STRINGS = NO;
				SWIFT_VERSION = 5.0;
				TARGETED_DEVICE_FAMILY = "1,2";
				TEST_TARGET_NAME = SwiftUIDemo;
			};
			name = Release;
		};
/* End XCBuildConfiguration section */

/* Begin XCConfigurationList section */
		B9F8466E29AF59CD00AF72F5 /* Build configuration list for PBXProject "SwiftUIDemo" */ = {
			isa = XCConfigurationList;
			buildConfigurations = (
				B9F8469529AF59CD00AF72F5 /* Debug */,
				B9F8469629AF59CD00AF72F5 /* Release */,
			);
			defaultConfigurationIsVisible = 0;
			defaultConfigurationName = Release;
		};
		B9F8469729AF59CD00AF72F5 /* Build configuration list for PBXNativeTarget "SwiftUIDemo" */ = {
			isa = XCConfigurationList;
			buildConfigurations = (
				B9F8469829AF59CD00AF72F5 /* Debug */,
				B9F8469929AF59CD00AF72F5 /* Release */,
			);
			defaultConfigurationIsVisible = 0;
			defaultConfigurationName = Release;
		};
		B9F8469A29AF59CD00AF72F5 /* Build configuration list for PBXNativeTarget "SwiftUIDemoTests" */ = {
			isa = XCConfigurationList;
			buildConfigurations = (
				B9F8469B29AF59CD00AF72F5 /* Debug */,
				B9F8469C29AF59CD00AF72F5 /* Release */,
			);
			defaultConfigurationIsVisible = 0;
			defaultConfigurationName = Release;
		};
		B9F8469D29AF59CD00AF72F5 /* Build configuration list for PBXNativeTarget "SwiftUIDemoUITests" */ = {
			isa = XCConfigurationList;
			buildConfigurations = (
				B9F8469E29AF59CD00AF72F5 /* Debug */,
				B9F8469F29AF59CD00AF72F5 /* Release */,
			);
			defaultConfigurationIsVisible = 0;
			defaultConfigurationName = Release;
		};
/* End XCConfigurationList section */
	};
	rootObject = B9F8466B29AF59CD00AF72F5 /* Project object */;
}
